#MicroXplorer Configuration settings - do not modify
ADC1.Channel-0\#ChannelRegularConversion=ADC_CHANNEL_3
ADC1.IPParameters=Rank-0\#ChannelRegularConversion,Channel-0\#ChannelRegularConversion,SamplingTime-0\#ChannelRegularConversion,OffsetNumber-0\#ChannelRegularConversion,MonitoredBy-0\#ChannelRegularConversion,NbrOfConversionFlag,master
ADC1.MonitoredBy-0\#ChannelRegularConversion=__NULL
ADC1.NbrOfConversionFlag=1
ADC1.OffsetNumber-0\#ChannelRegularConversion=ADC_OFFSET_NONE
ADC1.Rank-0\#ChannelRegularConversion=1
ADC1.SamplingTime-0\#ChannelRegularConversion=ADC_SAMPLETIME_2CYCLES_5
ADC1.master=1
BSP_IP_NAME=NUCLEO-H563ZI
CAD.formats=
CAD.pinconfig=
CAD.provider=
CORTEX_M33_NS.IPParameters=default_mode_Activation,Number-Cortex_Memory_Protection_Unit_Region0_OTP_RO_AREAS_Settings
CORTEX_M33_NS.Number-Cortex_Memory_Protection_Unit_Region0_OTP_RO_AREAS_Settings=MPU_REGION_NUMBER0
CORTEX_M33_NS.default_mode_Activation=1
CORTEX_M33_NS.userName=CORTEX_M33
CORTEX_M33_S.IPParameters=default_mode_Activation,Number-Cortex_Memory_Protection_Unit_Region0_OTP_RO_AREAS_Settings
CORTEX_M33_S.Number-Cortex_Memory_Protection_Unit_Region0_OTP_RO_AREAS_Settings=MPU_REGION_NUMBER0
CORTEX_M33_S.default_mode_Activation=1
CortexM33NS.IPs=CORTEX_M33_NS\:I,FILEX\:I,GPDMA1,GPDMA2,GPIO\:I,GTZC_NS\:I,LEVELX\:I,LINKEDLIST,NETXDUO\:I,NVIC2\:I,PWR,RCC,RTC,SYS\:I,TAMP,THREADX\:I,USBX\:I,NUCLEO-H563ZI\:I,ETH\:I,FDCAN1\:I,FDCAN2\:I,SPI4\:I,LPUART1\:I,TIM4\:I,ADC1\:I,ADC2\:I,TIM2\:I,I2C1\:I
CortexM33NS.Pins=PE3,PE4,PE5,PG2
CortexM33S.IPs=CORTEX_M33_S\:I,GPDMA1\:I,GPDMA2\:I,GPIO,GTZC_S\:I,LINKEDLIST\:I,NVIC1\:I,PWR\:I,RCC\:I,RTC\:I,SYS_S\:I,TAMP\:I,ICACHE\:I,SAU\:I,DEBUG\:I
ETH.IPParameters=MediaInterface
ETH.MediaInterface=HAL_ETH_RMII_MODE
FDCAN1.CalculateBaudRateNominal=520833
FDCAN1.CalculateTimeBitNominal=1920
FDCAN1.CalculateTimeQuantumNominal=640.0
FDCAN1.IPParameters=CalculateTimeQuantumNominal,CalculateTimeBitNominal,CalculateBaudRateNominal
FDCAN2.CalculateBaudRateNominal=520833
FDCAN2.CalculateTimeBitNominal=1920
FDCAN2.CalculateTimeQuantumNominal=640.0
FDCAN2.IPParameters=CalculateTimeQuantumNominal,CalculateTimeBitNominal,CalculateBaudRateNominal
File.Version=6
GPIO.groupedBy=Group By Peripherals
GTZC_NS.IPParameters=MPCBB1_SecConfig_array,MPCBB2_SecConfig_array
GTZC_NS.MPCBB1_SecConfig_array=00000000\:00000000\:00000000\:00000000\:00000000\:00000000\:00000000\:00000000\:00000000\:00000000\:00000000\:00000000\:00000000\:00000000\:00000000\:00000000
GTZC_NS.MPCBB2_SecConfig_array=00000000\:00000000\:00000000\:00000000
GTZC_S.IPParameters=MPCBB3_SecConfig_array
GTZC_S.MPCBB3_SecConfig_array=00000000\:00000000\:00000000\:00000000\:00000000\:00000000\:00000000\:00000000\:00000000\:00000000\:00000000\:00000000\:00000000\:00000000\:00000000\:00000000\:00000000\:00000000\:00000000\:00000000
I2C1.IPParameters=Timing
I2C1.Timing=0x20A0A3F6
KeepUserPlacement=false
Mcu.CPN=STM32H563ZIT6
Mcu.Context0=CortexM33S
Mcu.Context1=CortexM33NS
Mcu.ContextNb=2
Mcu.ContextProject=TrustZoneEnabled
Mcu.Family=STM32H5
Mcu.IP0=ADC1
Mcu.IP1=CORTEX_M33_NS
Mcu.IP10=ICACHE
Mcu.IP11=LPUART1
Mcu.IP12=NVIC2
Mcu.IP13=NVIC1
Mcu.IP14=PWR
Mcu.IP15=RCC
Mcu.IP16=SPI4
Mcu.IP17=SYS
Mcu.IP18=SYS_S
Mcu.IP19=TIM2
Mcu.IP2=CORTEX_M33_S
Mcu.IP20=TIM4
Mcu.IP21=NUCLEO-H563ZI
Mcu.IP3=DEBUG
Mcu.IP4=ETH
Mcu.IP5=FDCAN1
Mcu.IP6=FDCAN2
Mcu.IP7=GTZC_NS
Mcu.IP8=GTZC_S
Mcu.IP9=I2C1
Mcu.IPNb=22
Mcu.Name=STM32H563ZITx
Mcu.Package=LQFP144
Mcu.Pin0=PE2
Mcu.Pin1=PE3
Mcu.Pin10=PC1
Mcu.Pin11=PC2
Mcu.Pin12=PC3
Mcu.Pin13=PA0
Mcu.Pin14=PA1
Mcu.Pin15=PA2
Mcu.Pin16=PA4
Mcu.Pin17=PA6
Mcu.Pin18=PA7
Mcu.Pin19=PC4
Mcu.Pin2=PE4
Mcu.Pin20=PC5
Mcu.Pin21=PB0
Mcu.Pin22=PB1
Mcu.Pin23=PB12
Mcu.Pin24=PB13
Mcu.Pin25=PB15
Mcu.Pin26=PG2
Mcu.Pin27=PA9
Mcu.Pin28=PA10
Mcu.Pin29=PA13(JTMS/SWDIO)
Mcu.Pin3=PE5
Mcu.Pin30=PA14(JTCK/SWCLK)
Mcu.Pin31=PD0
Mcu.Pin32=PD1
Mcu.Pin33=PG11
Mcu.Pin34=PG13
Mcu.Pin35=PB6
Mcu.Pin36=PB7
Mcu.Pin37=PB8
Mcu.Pin38=PB9
Mcu.Pin39=VP_CORTEX_M33_NS_VS_Hclk
Mcu.Pin4=PE6
Mcu.Pin40=VP_CORTEX_M33_S_VS_Hclk
Mcu.Pin41=VP_GTZC_NS_VS_GTZC_Enable
Mcu.Pin42=VP_GTZC_S_VS_GTZC_Enable
Mcu.Pin43=VP_ICACHE_VS_ICACHE
Mcu.Pin44=VP_ICACHE_VS_SECURE_ICACHE_REG
Mcu.Pin45=VP_PWR_VS_SECSignals
Mcu.Pin46=VP_PWR_VS_LPOM
Mcu.Pin47=VP_PWR_VS_DBSignals
Mcu.Pin48=VP_SYS_VS_Systick
Mcu.Pin49=VP_SYS_S_VS_Systick
Mcu.Pin5=PC14-OSC32_IN(OSC32_IN)
Mcu.Pin50=VP_TIM2_VS_ClockSourceINT
Mcu.Pin51=VP_TIM4_VS_ClockSourceINT
Mcu.Pin6=PC15-OSC32_OUT(OSC32_OUT)
Mcu.Pin7=PH0-OSC_IN(PH0)
Mcu.Pin8=PH1-OSC_OUT(PH1)
Mcu.Pin9=PC0
Mcu.PinsNb=52
Mcu.ThirdPartyNb=0
Mcu.UserConstants=
Mcu.UserName=STM32H563ZITx
MxCube.Version=6.18.0
MxDb.Version=DB.6.0.180
NVIC1.BFHFNMINS=0
NVIC1.BusFault_IRQn=true\:0\:0\:false\:false\:true\:false\:false\:false
NVIC1.DebugMonitor_IRQn=true\:0\:0\:false\:false\:true\:false\:false\:false
NVIC1.ForceEnableDMAVector=true
NVIC1.HardFault_IRQn=true\:0\:0\:false\:false\:true\:false\:false\:false
NVIC1.MemoryManagement_IRQn=true\:0\:0\:false\:false\:true\:false\:false\:false
NVIC1.NonMaskableInt_IRQn=true\:0\:0\:false\:false\:true\:false\:false\:false
NVIC1.PRIS=0
NVIC1.PendSV_IRQn=true\:0\:0\:false\:false\:true\:false\:false\:false
NVIC1.PriorityGroup=NVIC_PRIORITYGROUP_4
NVIC1.SVCall_IRQn=true\:0\:0\:false\:false\:true\:false\:false\:false
NVIC1.SecureFault_IRQn=true\:0\:0\:false\:false\:true\:false\:false\:false
NVIC1.SysTick_IRQn=true\:15\:0\:false\:false\:true\:false\:true\:false
NVIC1.UsageFault_IRQn=true\:0\:0\:false\:false\:true\:false\:false\:false
NVIC2.BFHFNMINS=0
NVIC2.ForceEnableDMAVector=true
NVIC2.MemoryManagement_IRQn=true\:0\:0\:false\:false\:true\:false\:false\:false
NVIC2.PRIS=0
NVIC2.PendSV_IRQn=true\:0\:0\:false\:false\:true\:false\:false\:false
NVIC2.PriorityGroup=NVIC_PRIORITYGROUP_4
NVIC2.SVCall_IRQn=true\:0\:0\:false\:false\:true\:false\:false\:false
NVIC2.SysTick_IRQn=true\:15\:0\:false\:false\:true\:false\:true\:false
NVIC2.UsageFault_IRQn=true\:0\:0\:false\:false\:true\:false\:false\:false
PA0.GPIOParameters=GPIO_Label,PinAttribute
PA0.GPIO_Label=SPEED_IN
PA0.PinAttribute=CortexM33NS
PA0.Signal=S_TIM2_CH1
PA1.GPIOParameters=GPIO_Speed,GPIO_PuPd,GPIO_Label,GPIO_Mode,PinAttribute
PA1.GPIO_Label=RMII_REF_CLK
PA1.GPIO_Mode=GPIO_MODE_AF_PP
PA1.GPIO_PuPd=GPIO_NOPULL
PA1.GPIO_Speed=GPIO_SPEED_FREQ_LOW
PA1.Locked=true
PA1.Mode=RMII
PA1.PinAttribute=CortexM33NS
PA1.Signal=ETH_RMII_REF_CLK
PA10.GPIOParameters=GPIO_Label,PinAttribute
PA10.GPIO_Label=DBG_UART_RX
PA10.Mode=Asynchronous
PA10.PinAttribute=CortexM33NS
PA10.Signal=LPUART1_RX
PA13(JTMS/SWDIO).GPIOParameters=GPIO_Label,PinAttribute
PA13(JTMS/SWDIO).GPIO_Label=SWDIO
PA13(JTMS/SWDIO).Locked=true
PA13(JTMS/SWDIO).Mode=Serial_Wire
PA13(JTMS/SWDIO).PinAttribute=CortexM33S
PA13(JTMS/SWDIO).Signal=DEBUG_JTMS-SWDIO
PA14(JTCK/SWCLK).GPIOParameters=GPIO_Label,PinAttribute
PA14(JTCK/SWCLK).GPIO_Label=SWCLK
PA14(JTCK/SWCLK).Locked=true
PA14(JTCK/SWCLK).Mode=Serial_Wire
PA14(JTCK/SWCLK).PinAttribute=CortexM33S
PA14(JTCK/SWCLK).Signal=DEBUG_JTCK-SWCLK
PA2.GPIOParameters=GPIO_Speed,GPIO_PuPd,GPIO_Label,GPIO_Mode,PinAttribute
PA2.GPIO_Label=RMII_MDIO
PA2.GPIO_Mode=GPIO_MODE_AF_PP
PA2.GPIO_PuPd=GPIO_NOPULL
PA2.GPIO_Speed=GPIO_SPEED_FREQ_LOW
PA2.Locked=true
PA2.Mode=RMII
PA2.PinAttribute=CortexM33NS
PA2.Signal=ETH_MDIO
PA4.GPIOParameters=GPIO_Label,PinAttribute
PA4.GPIO_Label=FWD_VALVE_CURR_ADC
PA4.Locked=true
PA4.PinAttribute=CortexM33NS
PA4.Signal=ADCx_INP18
PA6.GPIOParameters=GPIO_Label,PinAttribute
PA6.GPIO_Label=REV_VALVE_CURR_ADC
PA6.Locked=true
PA6.PinAttribute=CortexM33NS
PA6.Signal=ADCx_INP3
PA7.GPIOParameters=GPIO_Speed,GPIO_PuPd,GPIO_Label,GPIO_Mode,PinAttribute
PA7.GPIO_Label=RMII_CRS_DV
PA7.GPIO_Mode=GPIO_MODE_AF_PP
PA7.GPIO_PuPd=GPIO_NOPULL
PA7.GPIO_Speed=GPIO_SPEED_FREQ_LOW
PA7.Locked=true
PA7.Mode=RMII
PA7.PinAttribute=CortexM33NS
PA7.Signal=ETH_RMII_CRS_DV
PA9.GPIOParameters=GPIO_Label,PinAttribute
PA9.GPIO_Label=DBG_UART_TX
PA9.Mode=Asynchronous
PA9.PinAttribute=CortexM33NS
PA9.Signal=LPUART1_TX
PB0.GPIOParameters=GPIO_Label,PinAttribute
PB0.GPIO_Label=ENGINE_SENSOR_ADC
PB0.Locked=true
PB0.PinAttribute=CortexM33NS
PB0.Signal=ADCx_INP9
PB1.GPIOParameters=GPIO_Label,PinAttribute
PB1.GPIO_Label=VBAT_12V_ADC
PB1.Locked=true
PB1.PinAttribute=CortexM33NS
PB1.Signal=ADCx_INP5
PB12.GPIOParameters=GPIO_Label,PinAttribute
PB12.GPIO_Label=CAN2_RX
PB12.Mode=FDCAN_Activate
PB12.PinAttribute=CortexM33NS
PB12.Signal=FDCAN2_RX
PB13.GPIOParameters=GPIO_Label,PinAttribute
PB13.GPIO_Label=CAN2_TX
PB13.Mode=FDCAN_Activate
PB13.PinAttribute=CortexM33NS
PB13.Signal=FDCAN2_TX
PB15.GPIOParameters=GPIO_Speed,GPIO_PuPd,GPIO_Label,GPIO_Mode,PinAttribute
PB15.GPIO_Label=RMII_TXD1
PB15.GPIO_Mode=GPIO_MODE_AF_PP
PB15.GPIO_PuPd=GPIO_NOPULL
PB15.GPIO_Speed=GPIO_SPEED_FREQ_LOW
PB15.Locked=true
PB15.Mode=RMII
PB15.PinAttribute=CortexM33NS
PB15.Signal=ETH_RMII_TXD1
PB6.GPIOParameters=GPIO_Label,PinAttribute
PB6.GPIO_Label=FWD_VALVE_PWM
PB6.Locked=true
PB6.PinAttribute=CortexM33NS
PB6.Signal=S_TIM4_CH1
PB7.GPIOParameters=GPIO_Label,PinAttribute
PB7.GPIO_Label=REV_VALVE_PWM
PB7.Locked=true
PB7.PinAttribute=CortexM33NS
PB7.Signal=S_TIM4_CH2
PB8.GPIOParameters=GPIO_Label,PinAttribute
PB8.GPIO_Label=SAFE_I2C_SCL
PB8.Mode=I2C
PB8.PinAttribute=CortexM33NS
PB8.Signal=I2C1_SCL
PB9.GPIOParameters=GPIO_Label,PinAttribute
PB9.GPIO_Label=SAFE_I2C_SDA
PB9.Mode=I2C
PB9.PinAttribute=CortexM33NS
PB9.Signal=I2C1_SDA
PC0.GPIOParameters=GPIO_Label,PinAttribute
PC0.GPIO_Label=OIL_LEVEL_ADC
PC0.Locked=true
PC0.PinAttribute=CortexM33NS
PC0.Signal=ADCx_INP10
PC1.GPIOParameters=GPIO_Speed,GPIO_PuPd,GPIO_Label,GPIO_Mode,PinAttribute
PC1.GPIO_Label=RMII_MDC
PC1.GPIO_Mode=GPIO_MODE_AF_PP
PC1.GPIO_PuPd=GPIO_NOPULL
PC1.GPIO_Speed=GPIO_SPEED_FREQ_LOW
PC1.Locked=true
PC1.Mode=RMII
PC1.PinAttribute=CortexM33NS
PC1.Signal=ETH_MDC
PC14-OSC32_IN(OSC32_IN).GPIOParameters=PinAttribute
PC14-OSC32_IN(OSC32_IN).Locked=true
PC14-OSC32_IN(OSC32_IN).Mode=LSE-External-Oscillator
PC14-OSC32_IN(OSC32_IN).PinAttribute=CortexM33S
PC14-OSC32_IN(OSC32_IN).Signal=RCC_OSC32_IN
PC15-OSC32_OUT(OSC32_OUT).GPIOParameters=PinAttribute
PC15-OSC32_OUT(OSC32_OUT).Locked=true
PC15-OSC32_OUT(OSC32_OUT).Mode=LSE-External-Oscillator
PC15-OSC32_OUT(OSC32_OUT).PinAttribute=CortexM33S
PC15-OSC32_OUT(OSC32_OUT).Signal=RCC_OSC32_OUT
PC2.GPIOParameters=GPIO_Label,PinAttribute
PC2.GPIO_Label=OIL_TEMP_ADC
PC2.Locked=true
PC2.PinAttribute=CortexM33NS
PC2.Signal=ADCx_INP12
PC3.GPIOParameters=GPIO_Label,PinAttribute
PC3.GPIO_Label=WATER_LEVEL_ADC
PC3.Locked=true
PC3.PinAttribute=CortexM33NS
PC3.Signal=ADCx_INP13
PC4.GPIOParameters=GPIO_Speed,GPIO_PuPd,GPIO_Label,GPIO_Mode,PinAttribute
PC4.GPIO_Label=RMII_RXD0
PC4.GPIO_Mode=GPIO_MODE_AF_PP
PC4.GPIO_PuPd=GPIO_NOPULL
PC4.GPIO_Speed=GPIO_SPEED_FREQ_LOW
PC4.Locked=true
PC4.Mode=RMII
PC4.PinAttribute=CortexM33NS
PC4.Signal=ETH_RMII_RXD0
PC5.GPIOParameters=GPIO_Speed,GPIO_PuPd,GPIO_Label,GPIO_Mode,PinAttribute
PC5.GPIO_Label=RMII_RXD1
PC5.GPIO_Mode=GPIO_MODE_AF_PP
PC5.GPIO_PuPd=GPIO_NOPULL
PC5.GPIO_Speed=GPIO_SPEED_FREQ_LOW
PC5.Locked=true
PC5.Mode=RMII
PC5.PinAttribute=CortexM33NS
PC5.Signal=ETH_RMII_RXD1
PCC.Bar.Display=Horizontal Bar
PCC.Checker=false
PCC.Display=Plot\: All Steps
PCC.Line=STM32H563/H573
PCC.MCU=STM32H563ZITx
PCC.PartNumber=STM32H563ZITx
PCC.SequenceTime=1.0 ms
PCC.SequenceTime.Unit=ms
PCC.Series=STM32H5
PCC.Temperature=25
PCC.Vdd=3.0
PD0.GPIOParameters=GPIO_Label,PinAttribute
PD0.GPIO_Label=CAN1_RX
PD0.Locked=true
PD0.Mode=FDCAN_Activate
PD0.PinAttribute=CortexM33NS
PD0.Signal=FDCAN1_RX
PD1.GPIOParameters=GPIO_Label,PinAttribute
PD1.GPIO_Label=CAN1_TX
PD1.Locked=true
PD1.Mode=FDCAN_Activate
PD1.PinAttribute=CortexM33NS
PD1.Signal=FDCAN1_TX
PE2.GPIOParameters=GPIO_Label,PinAttribute
PE2.GPIO_Label=TPIC_SRCK
PE2.Mode=TX_Only_Simplex_Unidirect_Master
PE2.PinAttribute=CortexM33NS
PE2.Signal=SPI4_SCK
PE3.ContextOwner=CortexM33NS
PE3.GPIOParameters=GPIO_Label,PinAttribute
PE3.GPIO_Label=TPIC_OE_N
PE3.Locked=true
PE3.PinAttribute=CortexM33NS
PE3.Signal=GPIO_Output
PE4.ContextOwner=CortexM33NS
PE4.GPIOParameters=GPIO_Label,PinAttribute
PE4.GPIO_Label=TPIC_RCK
PE4.Locked=true
PE4.PinAttribute=CortexM33NS
PE4.Signal=GPIO_Output
PE5.ContextOwner=CortexM33NS
PE5.GPIOParameters=GPIO_Label,PinAttribute
PE5.GPIO_Label=TPIC_CLR_N
PE5.Locked=true
PE5.PinAttribute=CortexM33NS
PE5.Signal=GPIO_Output
PE6.GPIOParameters=GPIO_Label,PinAttribute
PE6.GPIO_Label=TPIC_SER
PE6.Mode=TX_Only_Simplex_Unidirect_Master
PE6.PinAttribute=CortexM33NS
PE6.Signal=SPI4_MOSI
PG11.GPIOParameters=GPIO_Speed,GPIO_PuPd,GPIO_Label,GPIO_Mode,PinAttribute
PG11.GPIO_Label=RMII_TX_EN
PG11.GPIO_Mode=GPIO_MODE_AF_PP
PG11.GPIO_PuPd=GPIO_NOPULL
PG11.GPIO_Speed=GPIO_SPEED_FREQ_LOW
PG11.Locked=true
PG11.Mode=RMII
PG11.PinAttribute=CortexM33NS
PG11.Signal=ETH_RMII_TX_EN
PG13.GPIOParameters=GPIO_Speed,GPIO_PuPd,GPIO_Label,GPIO_Mode,PinAttribute
PG13.GPIO_Label=RMII_TXD0
PG13.GPIO_Mode=GPIO_MODE_AF_PP
PG13.GPIO_PuPd=GPIO_NOPULL
PG13.GPIO_Speed=GPIO_SPEED_FREQ_LOW
PG13.Locked=true
PG13.Mode=RMII
PG13.PinAttribute=CortexM33NS
PG13.Signal=ETH_RMII_TXD0
PG2.ContextOwner=CortexM33NS
PG2.GPIOParameters=GPIO_Label,PinAttribute
PG2.GPIO_Label=EXT_ESTOP_IN
PG2.Locked=true
PG2.PinAttribute=CortexM33NS
PG2.Signal=GPXTI2
PH0-OSC_IN(PH0).GPIOParameters=GPIO_Label,PinAttribute
PH0-OSC_IN(PH0).GPIO_Label=RCC_OSC_IN
PH0-OSC_IN(PH0).Locked=true
PH0-OSC_IN(PH0).Mode=HSE-External-Oscillator
PH0-OSC_IN(PH0).PinAttribute=CortexM33S
PH0-OSC_IN(PH0).Signal=RCC_OSC_IN
PH1-OSC_OUT(PH1).Mode=HSE-External-Oscillator
PH1-OSC_OUT(PH1).Signal=RCC_OSC_OUT
PinOutPanel.RotationAngle=0
ProjectManager.AskForMigrate=true
ProjectManager.BackupPrevious=false
ProjectManager.CompilerLinker=GCC
ProjectManager.CompilerOptimize=6
ProjectManager.ComputerToolchain=false
ProjectManager.CoupleFile=true
ProjectManager.CustomerFirmwarePackage=
ProjectManager.DefaultFWLocation=true
ProjectManager.DeletePrevious=true
ProjectManager.DeviceId=STM32H563ZITx
ProjectManager.FirmwarePackage=STM32Cube FW_H5 V1.7.0
ProjectManager.FreePins=false
ProjectManager.FreePinsContext=CortexM33S
ProjectManager.HalAssertFull=false
ProjectManager.HeapSize=M33S-0x2000,M33NS-0x4000
ProjectManager.KeepUserCode=true
ProjectManager.LastFirmware=true
ProjectManager.LibraryCopy=0
ProjectManager.MainLocation=Core/Src
ProjectManager.NoMain=false
ProjectManager.PreviousToolchain=
ProjectManager.ProjectBuild=false
ProjectManager.ProjectFileName=ECU.ioc
ProjectManager.ProjectName=ECU
ProjectManager.ProjectStructure=M33S\:Secure Project\:true;M33NS\:Non Secure Project\:true;
ProjectManager.RegisterCallBack=
ProjectManager.StackSize=M33S-0x4000,M33NS-0x4000
ProjectManager.TargetToolchain=CMake
ProjectManager.ToolChainLocation=
ProjectManager.UAScriptAfterPath=
ProjectManager.UAScriptBeforePath=
ProjectManager.UnderRoot=false
ProjectManager.functionlistsort=1-SystemClock_Config-RCC-false-HAL-true-CortexM33S,2-MX_GPIO_Init-GPIO-false-HAL-true-CortexM33S,3-MX_GTZC_S_Init-GTZC_S-false-HAL-true-CortexM33S,4-MX_ICACHE_Init-ICACHE-false-HAL-true-CortexM33S,1-SystemClock_Config-RCC-false-HAL-true-CortexM33NS,2-MX_GPIO_Init-GPIO-false-HAL-true-CortexM33NS,3-MX_GTZC_NS_Init-GTZC_NS-false-HAL-true-CortexM33NS,4-MX_ETH_Init-ETH-false-HAL-true-CortexM33NS,5-MX_ADC1_Init-ADC1-false-HAL-true-CortexM33NS,6-MX_FDCAN1_Init-FDCAN1-false-HAL-true-CortexM33NS,7-MX_FDCAN2_Init-FDCAN2-false-HAL-true-CortexM33NS,8-MX_I2C1_Init-I2C1-false-HAL-true-CortexM33NS,9-MX_LPUART1_UART_Init-LPUART1-false-HAL-true-CortexM33NS,10-MX_SPI4_Init-SPI4-false-HAL-true-CortexM33NS,11-MX_TIM2_Init-TIM2-false-HAL-true-CortexM33NS,12-MX_TIM4_Init-TIM4-false-HAL-true-CortexM33NS,0-MX_CORTEX_M33_S_Init-CORTEX_M33_S-false-HAL-true-CortexM33S,0-MX_PWR_Init-PWR-false-HAL-true-CortexM33S,0-MX_CORTEX_M33_NS_Init-CORTEX_M33_NS-false-HAL-true-CortexM33NS,0-MX_PWR_Init-PWR-false-HAL-true-CortexM33NS
RCC.ADCFreq_Value=250000000
RCC.AHBFreq_Value=250000000
RCC.APB1CLKDivider=RCC_HCLK_DIV2
RCC.APB1Freq_Value=125000000
RCC.APB1TimFreq_Value=250000000
RCC.APB2CLKDivider=RCC_HCLK_DIV2
RCC.APB2Freq_Value=125000000
RCC.APB2TimFreq_Value=250000000
RCC.APB3CLKDivider=RCC_HCLK_DIV2
RCC.APB3Freq_Value=125000000
RCC.CECFreq_Value=32000
RCC.CKPERFreq_Value=64000000
RCC.CRSFreq_Value=48000000
RCC.CSI_VALUE=4000000
RCC.CortexFreq_Value=250000000
RCC.DACFreq_Value=32768
RCC.EPOD_VALUE=25000000
RCC.ETHFreq_Value=250000000
RCC.FCLKCortexFreq_Value=250000000
RCC.FDCANFreq_Value=25000000
RCC.FamilyName=M
RCC.HCLKFreq_Value=250000000
RCC.HSE_VALUE=25000000
RCC.HSI48_VALUE=48000000
RCC.HSIDiv=RCC_HSI_DIV1
RCC.HSI_VALUE=64000000
RCC.I2C1Freq_Value=125000000
RCC.I2C2Freq_Value=125000000
RCC.I2C3Freq_Value=125000000
RCC.I2C4Freq_Value=125000000
RCC.I3C1Freq_Value=125000000
RCC.IPParameters=ADCFreq_Value,AHBFreq_Value,APB1CLKDivider,APB1Freq_Value,APB1TimFreq_Value,APB2CLKDivider,APB2Freq_Value,APB2TimFreq_Value,APB3CLKDivider,APB3Freq_Value,CECFreq_Value,CKPERFreq_Value,CRSFreq_Value,CSI_VALUE,CortexFreq_Value,DACFreq_Value,EPOD_VALUE,ETHFreq_Value,FCLKCortexFreq_Value,FDCANFreq_Value,FamilyName,HCLKFreq_Value,HSE_VALUE,HSI48_VALUE,HSIDiv,HSI_VALUE,I2C1Freq_Value,I2C2Freq_Value,I2C3Freq_Value,I2C4Freq_Value,I3C1Freq_Value,LPTIM1Freq_Value,LPTIM2Freq_Value,LPTIM3Freq_Value,LPTIM4Freq_Value,LPTIM5Freq_Value,LPTIM6Freq_Value,LPUART1Freq_Value,LSCOPinFreq_Value,LSIRC_VALUE,MCO1PinFreq_Value,MCO2PinFreq_Value,OCTOSPIMFreq_Value,PLL2PoutputFreq_Value,PLL2QoutputFreq_Value,PLL2RoutputFreq_Value,PLL3PoutputFreq_Value,PLL3QoutputFreq_Value,PLL3RoutputFreq_Value,PLLM,PLLN,PLLPoutputFreq_Value,PLLQoutputFreq_Value,PLLSourceVirtual,PWRFreq_Value,RNGFreq_Value,SAI1Freq_Value,SAI2Freq_Value,SDMMC1Freq_Value,SDMMC2Freq_Value,SPI1Freq_Value,SPI2Freq_Value,SPI3Freq_Value,SPI4Freq_Value,SPI5Freq_Value,SPI6Freq_Value,SYSCLKFreq_VALUE,SYSCLKSource,UART12Freq_Value,UART4Freq_Value,UART5Freq_Value,UART7Freq_Value,UART8Freq_Value,UART9Freq_Value,UCPD1outputFreq_Value,USART10Freq_Value,USART11Freq_Value,USART1Freq_Value,USART2Freq_Value,USART3Freq_Value,USART6Freq_Value,USBFreq_Value,VCOInput2Freq_Value,VCOInput3Freq_Value,VCOInputFreq_Value,VCOOutputFreq_Value,VCOPLL2OutputFreq_Value,VCOPLL3OutputFreq_Value
RCC.LPTIM1Freq_Value=125000000
RCC.LPTIM2Freq_Value=125000000
RCC.LPTIM3Freq_Value=125000000
RCC.LPTIM4Freq_Value=125000000
RCC.LPTIM5Freq_Value=125000000
RCC.LPTIM6Freq_Value=125000000
RCC.LPUART1Freq_Value=125000000
RCC.LSCOPinFreq_Value=32000
RCC.LSIRC_VALUE=32000
RCC.MCO1PinFreq_Value=64000000
RCC.MCO2PinFreq_Value=250000000
RCC.OCTOSPIMFreq_Value=250000000
RCC.PLL2PoutputFreq_Value=258000000
RCC.PLL2QoutputFreq_Value=258000000
RCC.PLL2RoutputFreq_Value=258000000
RCC.PLL3PoutputFreq_Value=258000000
RCC.PLL3QoutputFreq_Value=258000000
RCC.PLL3RoutputFreq_Value=258000000
RCC.PLLM=5
RCC.PLLN=100
RCC.PLLPoutputFreq_Value=250000000
RCC.PLLQoutputFreq_Value=250000000
RCC.PLLSourceVirtual=RCC_PLL1_SOURCE_HSE
RCC.PWRFreq_Value=250000000
RCC.RNGFreq_Value=48000000
RCC.SAI1Freq_Value=258000000
RCC.SAI2Freq_Value=258000000
RCC.SDMMC1Freq_Value=250000000
RCC.SDMMC2Freq_Value=250000000
RCC.SPI1Freq_Value=250000000
RCC.SPI2Freq_Value=250000000
RCC.SPI3Freq_Value=250000000
RCC.SPI4Freq_Value=125000000
RCC.SPI5Freq_Value=125000000
RCC.SPI6Freq_Value=125000000
RCC.SYSCLKFreq_VALUE=250000000
RCC.SYSCLKSource=RCC_SYSCLKSOURCE_PLLCLK
RCC.UART12Freq_Value=125000000
RCC.UART4Freq_Value=125000000
RCC.UART5Freq_Value=125000000
RCC.UART7Freq_Value=125000000
RCC.UART8Freq_Value=125000000
RCC.UART9Freq_Value=125000000
RCC.UCPD1outputFreq_Value=16000000
RCC.USART10Freq_Value=125000000
RCC.USART11Freq_Value=125000000
RCC.USART1Freq_Value=125000000
RCC.USART2Freq_Value=125000000
RCC.USART3Freq_Value=125000000
RCC.USART6Freq_Value=125000000
RCC.USBFreq_Value=48000000
RCC.VCOInput2Freq_Value=4000000
RCC.VCOInput3Freq_Value=4000000
RCC.VCOInputFreq_Value=5000000
RCC.VCOOutputFreq_Value=500000000
RCC.VCOPLL2OutputFreq_Value=516000000
RCC.VCOPLL3OutputFreq_Value=516000000
SH.ADCx_INP10.0=ADC1_INP10,IN10-Single-Ended
SH.ADCx_INP10.ConfNb=1
SH.ADCx_INP12.0=ADC1_INP12,IN12-Single-Ended
SH.ADCx_INP12.ConfNb=1
SH.ADCx_INP13.0=ADC1_INP13,IN13-Single-Ended
SH.ADCx_INP13.ConfNb=1
SH.ADCx_INP18.0=ADC1_INP18,IN18-Single-Ended
SH.ADCx_INP18.ConfNb=1
SH.ADCx_INP3.0=ADC1_INP3,IN3-Single-Ended
SH.ADCx_INP3.ConfNb=1
SH.ADCx_INP5.0=ADC1_INP5,IN5-Single-Ended
SH.ADCx_INP5.ConfNb=1
SH.ADCx_INP9.0=ADC1_INP9,IN9-Single-Ended
SH.ADCx_INP9.ConfNb=1
SH.GPXTI2.0=GPIO_EXTI2
SH.GPXTI2.ConfNb=1
SH.S_TIM2_CH1.0=TIM2_CH1,Input_Capture1_from_TI1
SH.S_TIM2_CH1.ConfNb=1
SH.S_TIM4_CH1.0=TIM4_CH1,PWM Generation1 CH1
SH.S_TIM4_CH1.ConfNb=1
SH.S_TIM4_CH2.0=TIM4_CH2,PWM Generation2 CH2
SH.S_TIM4_CH2.ConfNb=1
SPI4.CalculateBaudRate=62.5 MBits/s
SPI4.Direction=SPI_DIRECTION_2LINES_TXONLY
SPI4.IPParameters=VirtualType,Mode,Direction,CalculateBaudRate
SPI4.Mode=SPI_MODE_MASTER
SPI4.VirtualType=VM_MASTER
TIM2.Channel-Input_Capture1_from_TI1=TIM_CHANNEL_1
TIM2.IPParameters=Channel-Input_Capture1_from_TI1
TIM4.Channel-PWM\ Generation1\ CH1=TIM_CHANNEL_1
TIM4.Channel-PWM\ Generation2\ CH2=TIM_CHANNEL_2
TIM4.IPParameters=Channel-PWM Generation1 CH1,Channel-PWM Generation2 CH2
VP_CORTEX_M33_NS_VS_Hclk.Mode=Hclk_Mode
VP_CORTEX_M33_NS_VS_Hclk.Signal=CORTEX_M33_NS_VS_Hclk
VP_CORTEX_M33_S_VS_Hclk.Mode=Hclk_Mode
VP_CORTEX_M33_S_VS_Hclk.Signal=CORTEX_M33_S_VS_Hclk
VP_GTZC_NS_VS_GTZC_Enable.Mode=GTZC_Enable
VP_GTZC_NS_VS_GTZC_Enable.Signal=GTZC_NS_VS_GTZC_Enable
VP_GTZC_S_VS_GTZC_Enable.Mode=GTZC_Enable
VP_GTZC_S_VS_GTZC_Enable.Signal=GTZC_S_VS_GTZC_Enable
VP_ICACHE_VS_ICACHE.Mode=DirectMappedCache
VP_ICACHE_VS_ICACHE.Signal=ICACHE_VS_ICACHE
VP_ICACHE_VS_SECURE_ICACHE_REG.Mode=ICACHE_REG_Not_Secured
VP_ICACHE_VS_SECURE_ICACHE_REG.Signal=ICACHE_VS_SECURE_ICACHE_REG
VP_PWR_VS_DBSignals.Mode=DisableDeadBatterySignals
VP_PWR_VS_DBSignals.Signal=PWR_VS_DBSignals
VP_PWR_VS_LPOM.Mode=PowerOptimisation
VP_PWR_VS_LPOM.Signal=PWR_VS_LPOM
VP_PWR_VS_SECSignals.Mode=Security/Privilege
VP_PWR_VS_SECSignals.Signal=PWR_VS_SECSignals
VP_SYS_S_VS_Systick.Mode=SysTick
VP_SYS_S_VS_Systick.Signal=SYS_S_VS_Systick
VP_SYS_VS_Systick.Mode=SysTick
VP_SYS_VS_Systick.Signal=SYS_VS_Systick
VP_TIM2_VS_ClockSourceINT.Mode=Internal
VP_TIM2_VS_ClockSourceINT.Signal=TIM2_VS_ClockSourceINT
VP_TIM4_VS_ClockSourceINT.Mode=Internal
VP_TIM4_VS_ClockSourceINT.Signal=TIM4_VS_ClockSourceINT
board=NUCLEO-H563ZI
boardIOC=true
